// !$*UTF8*$!
{
	archiveVersion = 1;
	classes = {
	};
	objectVersion = 46;
	objects = {

/* Begin PBXBuildFile section */
		9FC217781F37304A0015035C /* libRNReactNativeLatex.a in Sources */ = {isa = PBXBuildFile; fileRef = 134814201AA4EA6300B7C361 /* libRNReactNativeLatex.a */; };
		9FC2187C1F373FD40015035C /* xits-math.plist in Resources */ = {isa = PBXBuildFile; fileRef = 9FC2187B1F373FD40015035C /* xits-math.plist */; };
		9FC2187E1F373FDF0015035C /* xits-math.otf in Resources */ = {isa = PBXBuildFile; fileRef = 9FC2187D1F373FDF0015035C /* xits-math.otf */; };
		9FC218801F373FE20015035C /* texgyretermes-math.plist in Resources */ = {isa = PBXBuildFile; fileRef = 9FC2187F1F373FE20015035C /* texgyretermes-math.plist */; };
		9FC218821F373FE60015035C /* latinmodern-math.plist in Resources */ = {isa = PBXBuildFile; fileRef = 9FC218811F373FE60015035C /* latinmodern-math.plist */; };
		9FC218841F373FEA0015035C /* latinmodern-math.otf in Resources */ = {isa = PBXBuildFile; fileRef = 9FC218831F373FEA0015035C /* latinmodern-math.otf */; };
		9FC2189B1F3743060015035C /* libIosMath.a in Frameworks */ = {isa = PBXBuildFile; fileRef = 9FC218961F3742F80015035C /* libIosMath.a */; };
		9FC2189F1F3748590015035C /* RNLatexManager.h in Headers */ = {isa = PBXBuildFile; fileRef = 9FC2189D1F3748590015035C /* RNLatexManager.h */; };
		9FC218A01F3748590015035C /* RNLatexManager.m in Sources */ = {isa = PBXBuildFile; fileRef = 9FC2189E1F3748590015035C /* RNLatexManager.m */; };
		B3E7B58A1CC2AC0600A0062D /* RNReactNativeLatex.m in Sources */ = {isa = PBXBuildFile; fileRef = B3E7B5891CC2AC0600A0062D /* RNReactNativeLatex.m */; };
/* End PBXBuildFile section */

/* Begin PBXContainerItemProxy section */
		9FC218911F3742F80015035C /* PBXContainerItemProxy */ = {
			isa = PBXContainerItemProxy;
			containerPortal = 9FC2188A1F3742F80015035C /* iosMath.xcodeproj */;
			proxyType = 2;
			remoteGlobalIDString = 49965EFC17CBBA2700A555C5;
			remoteInfo = iosMathExample;
		};
		9FC218931F3742F80015035C /* PBXContainerItemProxy */ = {
			isa = PBXContainerItemProxy;
			containerPortal = 9FC2188A1F3742F80015035C /* iosMath.xcodeproj */;
			proxyType = 2;
			remoteGlobalIDString = 49965F1C17CBBA2700A555C5;
			remoteInfo = iosMathTests;
		};
		9FC218951F3742F80015035C /* PBXContainerItemProxy */ = {
			isa = PBXContainerItemProxy;
			containerPortal = 9FC2188A1F3742F80015035C /* iosMath.xcodeproj */;
			proxyType = 2;
			remoteGlobalIDString = 4987307517D546800041B02B;
			remoteInfo = IosMath;
		};
		9FC218971F3742F80015035C /* PBXContainerItemProxy */ = {
			isa = PBXContainerItemProxy;
			containerPortal = 9FC2188A1F3742F80015035C /* iosMath.xcodeproj */;
			proxyType = 2;
			remoteGlobalIDString = 49A27B0118EBF5B30030B7EF;
			remoteInfo = MathFontBundle;
		};
		9FC218991F3742FD0015035C /* PBXContainerItemProxy */ = {
			isa = PBXContainerItemProxy;
			containerPortal = 9FC2188A1F3742F80015035C /* iosMath.xcodeproj */;
			proxyType = 1;
			remoteGlobalIDString = 4987307417D546800041B02B;
			remoteInfo = IosMath;
		};
/* End PBXContainerItemProxy section */

/* Begin PBXCopyFilesBuildPhase section */
		58B511D91A9E6C8500147676 /* CopyFiles */ = {
			isa = PBXCopyFilesBuildPhase;
			buildActionMask = 2147483647;
			dstPath = "include/$(PRODUCT_NAME)";
			dstSubfolderSpec = 16;
			files = (
			);
			runOnlyForDeploymentPostprocessing = 0;
		};
/* End PBXCopyFilesBuildPhase section */

/* Begin PBXFileReference section */
		134814201AA4EA6300B7C361 /* libRNReactNativeLatex.a */ = {isa = PBXFileReference; explicitFileType = archive.ar; includeInIndex = 0; path = libRNReactNativeLatex.a; sourceTree = BUILT_PRODUCTS_DIR; };
		9FC2187B1F373FD40015035C /* xits-math.plist */ = {isa = PBXFileReference; lastKnownFileType = text.plist.xml; path = "xits-math.plist"; sourceTree = "<group>"; };
		9FC2187D1F373FDF0015035C /* xits-math.otf */ = {isa = PBXFileReference; lastKnownFileType = file; path = "xits-math.otf"; sourceTree = "<group>"; };
		9FC2187F1F373FE20015035C /* texgyretermes-math.plist */ = {isa = PBXFileReference; lastKnownFileType = text.plist.xml; path = "texgyretermes-math.plist"; sourceTree = "<group>"; };
		9FC218811F373FE60015035C /* latinmodern-math.plist */ = {isa = PBXFileReference; lastKnownFileType = text.plist.xml; path = "latinmodern-math.plist"; sourceTree = "<group>"; };
		9FC218831F373FEA0015035C /* latinmodern-math.otf */ = {isa = PBXFileReference; lastKnownFileType = file; path = "latinmodern-math.otf"; sourceTree = "<group>"; };
		9FC218881F3741A60015035C /* libc.tbd */ = {isa = PBXFileReference; lastKnownFileType = "sourcecode.text-based-dylib-definition"; name = libc.tbd; path = usr/lib/libc.tbd; sourceTree = SDKROOT; };
		9FC2188A1F3742F80015035C /* iosMath.xcodeproj */ = {isa = PBXFileReference; lastKnownFileType = "wrapper.pb-project"; name = iosMath.xcodeproj; path = iosMath/iosMath.xcodeproj; sourceTree = "<group>"; };
		9FC2189D1F3748590015035C /* RNLatexManager.h */ = {isa = PBXFileReference; fileEncoding = 4; lastKnownFileType = sourcecode.c.h; path = RNLatexManager.h; sourceTree = "<group>"; };
		9FC2189E1F3748590015035C /* RNLatexManager.m */ = {isa = PBXFileReference; fileEncoding = 4; lastKnownFileType = sourcecode.c.objc; path = RNLatexManager.m; sourceTree = "<group>"; };
		B3E7B5881CC2AC0600A0062D /* RNReactNativeLatex.h */ = {isa = PBXFileReference; fileEncoding = 4; lastKnownFileType = sourcecode.c.h; path = RNReactNativeLatex.h; sourceTree = "<group>"; };
		B3E7B5891CC2AC0600A0062D /* RNReactNativeLatex.m */ = {isa = PBXFileReference; fileEncoding = 4; lastKnownFileType = sourcecode.c.objc; path = RNReactNativeLatex.m; sourceTree = "<group>"; };
/* End PBXFileReference section */

/* Begin PBXFrameworksBuildPhase section */
		58B511D81A9E6C8500147676 /* Frameworks */ = {
			isa = PBXFrameworksBuildPhase;
			buildActionMask = 2147483647;
			files = (
				9FC2189B1F3743060015035C /* libIosMath.a in Frameworks */,
			);
			runOnlyForDeploymentPostprocessing = 0;
		};
/* End PBXFrameworksBuildPhase section */

/* Begin PBXGroup section */
		134814211AA4EA7D00B7C361 /* Products */ = {
			isa = PBXGroup;
			children = (
				134814201AA4EA6300B7C361 /* libRNReactNativeLatex.a */,
			);
			name = Products;
			sourceTree = "<group>";
		};
		58B511D21A9E6C8500147676 = {
			isa = PBXGroup;
			children = (
				9FC2189D1F3748590015035C /* RNLatexManager.h */,
				9FC2189E1F3748590015035C /* RNLatexManager.m */,
				9FC2188A1F3742F80015035C /* iosMath.xcodeproj */,
				9FC218831F373FEA0015035C /* latinmodern-math.otf */,
				9FC218811F373FE60015035C /* latinmodern-math.plist */,
				9FC2187F1F373FE20015035C /* texgyretermes-math.plist */,
				9FC2187D1F373FDF0015035C /* xits-math.otf */,
				9FC2187B1F373FD40015035C /* xits-math.plist */,
				B3E7B5881CC2AC0600A0062D /* RNReactNativeLatex.h */,
				B3E7B5891CC2AC0600A0062D /* RNReactNativeLatex.m */,
				134814211AA4EA7D00B7C361 /* Products */,
				9FC218871F3741A60015035C /* Frameworks */,
			);
			sourceTree = "<group>";
		};
		9FC218871F3741A60015035C /* Frameworks */ = {
			isa = PBXGroup;
			children = (
				9FC218881F3741A60015035C /* libc.tbd */,
			);
			name = Frameworks;
			sourceTree = "<group>";
		};
		9FC2188B1F3742F80015035C /* Products */ = {
			isa = PBXGroup;
			children = (
				9FC218921F3742F80015035C /* iosMathExample.app */,
				9FC218941F3742F80015035C /* iosMathTests.xctest */,
				9FC218961F3742F80015035C /* libIosMath.a */,
				9FC218981F3742F80015035C /* MathFontBundle.bundle */,
			);
			name = Products;
			sourceTree = "<group>";
		};
/* End PBXGroup section */

/* Begin PBXHeadersBuildPhase section */
		9FC218851F373FF40015035C /* Headers */ = {
			isa = PBXHeadersBuildPhase;
			buildActionMask = 2147483647;
			files = (
				9FC2189F1F3748590015035C /* RNLatexManager.h in Headers */,
			);
			runOnlyForDeploymentPostprocessing = 0;
		};
/* End PBXHeadersBuildPhase section */

/* Begin PBXNativeTarget section */
		58B511DA1A9E6C8500147676 /* RNReactNativeLatex */ = {
			isa = PBXNativeTarget;
			buildConfigurationList = 58B511EF1A9E6C8500147676 /* Build configuration list for PBXNativeTarget "RNReactNativeLatex" */;
			buildPhases = (
				58B511D71A9E6C8500147676 /* Sources */,
				58B511D81A9E6C8500147676 /* Frameworks */,
				58B511D91A9E6C8500147676 /* CopyFiles */,
				9FC2187A1F373FC50015035C /* Resources */,
				9FC218851F373FF40015035C /* Headers */,
			);
			buildRules = (
			);
			dependencies = (
				9FC2189A1F3742FD0015035C /* PBXTargetDependency */,
			);
			name = RNReactNativeLatex;
			productName = RCTDataManager;
			productReference = 134814201AA4EA6300B7C361 /* libRNReactNativeLatex.a */;
			productType = "com.apple.product-type.library.static";
		};
/* End PBXNativeTarget section */

/* Begin PBXProject section */
		58B511D31A9E6C8500147676 /* Project object */ = {
			isa = PBXProject;
			attributes = {
				LastUpgradeCheck = 0610;
				ORGANIZATIONNAME = Facebook;
				TargetAttributes = {
					58B511DA1A9E6C8500147676 = {
						CreatedOnToolsVersion = 6.1.1;
					};
				};
			};
			buildConfigurationList = 58B511D61A9E6C8500147676 /* Build configuration list for PBXProject "RNReactNativeLatex" */;
			compatibilityVersion = "Xcode 3.2";
			developmentRegion = English;
			hasScannedForEncodings = 0;
			knownRegions = (
				en,
			);
			mainGroup = 58B511D21A9E6C8500147676;
			productRefGroup = 58B511D21A9E6C8500147676;
			projectDirPath = "";
			projectReferences = (
				{
					ProductGroup = 9FC2188B1F3742F80015035C /* Products */;
					ProjectRef = 9FC2188A1F3742F80015035C /* iosMath.xcodeproj */;
				},
			);
			projectRoot = "";
			targets = (
				58B511DA1A9E6C8500147676 /* RNReactNativeLatex */,
			);
		};
/* End PBXProject section */

/* Begin PBXReferenceProxy section */
		9FC218921F3742F80015035C /* iosMathExample.app */ = {
			isa = PBXReferenceProxy;
			fileType = wrapper.application;
			path = iosMathExample.app;
			remoteRef = 9FC218911F3742F80015035C /* PBXContainerItemProxy */;
			sourceTree = BUILT_PRODUCTS_DIR;
		};
		9FC218941F3742F80015035C /* iosMathTests.xctest */ = {
			isa = PBXReferenceProxy;
			fileType = wrapper.cfbundle;
			path = iosMathTests.xctest;
			remoteRef = 9FC218931F3742F80015035C /* PBXContainerItemProxy */;
			sourceTree = BUILT_PRODUCTS_DIR;
		};
		9FC218961F3742F80015035C /* libIosMath.a */ = {
			isa = PBXReferenceProxy;
			fileType = archive.ar;
			path = libIosMath.a;
			remoteRef = 9FC218951F3742F80015035C /* PBXContainerItemProxy */;
			sourceTree = BUILT_PRODUCTS_DIR;
		};
		9FC218981F3742F80015035C /* MathFontBundle.bundle */ = {
			isa = PBXReferenceProxy;
			fileType = wrapper.cfbundle;
			path = MathFontBundle.bundle;
			remoteRef = 9FC218971F3742F80015035C /* PBXContainerItemProxy */;
			sourceTree = BUILT_PRODUCTS_DIR;
		};
/* End PBXReferenceProxy section */

/* Begin PBXResourcesBuildPhase section */
		9FC2187A1F373FC50015035C /* Resources */ = {
			isa = PBXResourcesBuildPhase;
			buildActionMask = 2147483647;
			files = (
				9FC2187C1F373FD40015035C /* xits-math.plist in Resources */,
				9FC2187E1F373FDF0015035C /* xits-math.otf in Resources */,
				9FC218801F373FE20015035C /* texgyretermes-math.plist in Resources */,
				9FC218841F373FEA0015035C /* latinmodern-math.otf in Resources */,
				9FC218821F373FE60015035C /* latinmodern-math.plist in Resources */,
			);
			runOnlyForDeploymentPostprocessing = 0;
		};
/* End PBXResourcesBuildPhase section */

/* Begin PBXSourcesBuildPhase section */
		58B511D71A9E6C8500147676 /* Sources */ = {
			isa = PBXSourcesBuildPhase;
			buildActionMask = 2147483647;
			files = (
				9FC218A01F3748590015035C /* RNLatexManager.m in Sources */,
				9FC217781F37304A0015035C /* libRNReactNativeLatex.a in Sources */,
				B3E7B58A1CC2AC0600A0062D /* RNReactNativeLatex.m in Sources */,
			);
			runOnlyForDeploymentPostprocessing = 0;
		};
/* End PBXSourcesBuildPhase section */

/* Begin PBXTargetDependency section */
		9FC2189A1F3742FD0015035C /* PBXTargetDependency */ = {
			isa = PBXTargetDependency;
			name = IosMath;
			targetProxy = 9FC218991F3742FD0015035C /* PBXContainerItemProxy */;
		};
/* End PBXTargetDependency section */

/* Begin XCBuildConfiguration section */
		58B511ED1A9E6C8500147676 /* Debug */ = {
			isa = XCBuildConfiguration;
			buildSettings = {
				ALWAYS_SEARCH_USER_PATHS = NO;
				CLANG_CXX_LANGUAGE_STANDARD = "gnu++0x";
				CLANG_CXX_LIBRARY = "libc++";
				CLANG_ENABLE_MODULES = YES;
				CLANG_ENABLE_OBJC_ARC = YES;
				CLANG_WARN_BOOL_CONVERSION = YES;
				CLANG_WARN_CONSTANT_CONVERSION = YES;
				CLANG_WARN_DIRECT_OBJC_ISA_USAGE = YES_ERROR;
				CLANG_WARN_EMPTY_BODY = YES;
				CLANG_WARN_ENUM_CONVERSION = YES;
				CLANG_WARN_INT_CONVERSION = YES;
				CLANG_WARN_OBJC_ROOT_CLASS = YES_ERROR;
				CLANG_WARN_UNREACHABLE_CODE = YES;
				CLANG_WARN__DUPLICATE_METHOD_MATCH = YES;
				COPY_PHASE_STRIP = NO;
				ENABLE_STRICT_OBJC_MSGSEND = YES;
				GCC_C_LANGUAGE_STANDARD = gnu99;
				GCC_DYNAMIC_NO_PIC = NO;
				GCC_OPTIMIZATION_LEVEL = 0;
				GCC_PREPROCESSOR_DEFINITIONS = (
					"DEBUG=1",
					"$(inherited)",
				);
				GCC_SYMBOLS_PRIVATE_EXTERN = NO;
				GCC_WARN_64_TO_32_BIT_CONVERSION = YES;
				GCC_WARN_ABOUT_RETURN_TYPE = YES_ERROR;
				GCC_WARN_UNDECLARED_SELECTOR = YES;
				GCC_WARN_UNINITIALIZED_AUTOS = YES_AGGRESSIVE;
				GCC_WARN_UNUSED_FUNCTION = YES;
				GCC_WARN_UNUSED_VARIABLE = YES;
				IPHONEOS_DEPLOYMENT_TARGET = 7.0;
				MTL_ENABLE_DEBUG_INFO = YES;
				ONLY_ACTIVE_ARCH = YES;
				SDKROOT = iphoneos;
			};
			name = Debug;
		};
		58B511EE1A9E6C8500147676 /* Release */ = {
			isa = XCBuildConfiguration;
			buildSettings = {
				ALWAYS_SEARCH_USER_PATHS = NO;
				CLANG_CXX_LANGUAGE_STANDARD = "gnu++0x";
				CLANG_CXX_LIBRARY = "libc++";
				CLANG_ENABLE_MODULES = YES;
				CLANG_ENABLE_OBJC_ARC = YES;
				CLANG_WARN_BOOL_CONVERSION = YES;
				CLANG_WARN_CONSTANT_CONVERSION = YES;
				CLANG_WARN_DIRECT_OBJC_ISA_USAGE = YES_ERROR;
				CLANG_WARN_EMPTY_BODY = YES;
				CLANG_WARN_ENUM_CONVERSION = YES;
				CLANG_WARN_INT_CONVERSION = YES;
				CLANG_WARN_OBJC_ROOT_CLASS = YES_ERROR;
				CLANG_WARN_UNREACHABLE_CODE = YES;
				CLANG_WARN__DUPLICATE_METHOD_MATCH = YES;
				COPY_PHASE_STRIP = YES;
				ENABLE_NS_ASSERTIONS = NO;
				ENABLE_STRICT_OBJC_MSGSEND = YES;
				GCC_C_LANGUAGE_STANDARD = gnu99;
				GCC_WARN_64_TO_32_BIT_CONVERSION = YES;
				GCC_WARN_ABOUT_RETURN_TYPE = YES_ERROR;
				GCC_WARN_UNDECLARED_SELECTOR = YES;
				GCC_WARN_UNINITIALIZED_AUTOS = YES_AGGRESSIVE;
				GCC_WARN_UNUSED_FUNCTION = YES;
				GCC_WARN_UNUSED_VARIABLE = YES;
				IPHONEOS_DEPLOYMENT_TARGET = 7.0;
				MTL_ENABLE_DEBUG_INFO = NO;
				SDKROOT = iphoneos;
				VALIDATE_PRODUCT = YES;
			};
			name = Release;
		};
		58B511F01A9E6C8500147676 /* Debug */ = {
			isa = XCBuildConfiguration;
			buildSettings = {
				HEADER_SEARCH_PATHS = (
					"$(inherited)",
					/Applications/Xcode.app/Contents/Developer/Toolchains/XcodeDefault.xctoolchain/usr/include,
					"$(SRCROOT)/../../../React/**",
					"$(SRCROOT)/../../react-native/React/**",
					"$(SRCROOT)/",
					"$(SRCROOT)/iosMath/iosMath",
					"$(SRCROOT)/iosMath/iosMath/render",
					"$(SRCROOT)/iosMath/iosMath/lib",
				);
				LIBRARY_SEARCH_PATHS = "$(inherited)";
				OTHER_LDFLAGS = "-ObjC";
				PRODUCT_NAME = RNReactNativeLatex;
				SKIP_INSTALL = YES;
			};
			name = Debug;
		};
		58B511F11A9E6C8500147676 /* Release */ = {
			isa = XCBuildConfiguration;
			buildSettings = {
				HEADER_SEARCH_PATHS = (
					"$(inherited)",
					/Applications/Xcode.app/Contents/Developer/Toolchains/XcodeDefault.xctoolchain/usr/include,
					"$(SRCROOT)/../../../React/**",
					"$(SRCROOT)/../../react-native/React/**",
					"$(SRCROOT)/",
					"$(SRCROOT)/iosMath/iosMath",
					"$(SRCROOT)/iosMath/iosMath/render",
					"$(SRCROOT)/iosMath/iosMath/lib",
				);
				LIBRARY_SEARCH_PATHS = "$(inherited)";
				OTHER_LDFLAGS = "-ObjC";
				PRODUCT_NAME = RNReactNativeLatex;
				SKIP_INSTALL = YES;
			};
			name = Release;
		};
/* End XCBuildConfiguration section */

/* Begin XCConfigurationList section */
		58B511D61A9E6C8500147676 /* Build configuration list for PBXProject "RNReactNativeLatex" */ = {
			isa = XCConfigurationList;
			buildConfigurations = (
				58B511ED1A9E6C8500147676 /* Debug */,
				58B511EE1A9E6C8500147676 /* Release */,
			);
			defaultConfigurationIsVisible = 0;
			defaultConfigurationName = Release;
		};
		58B511EF1A9E6C8500147676 /* Build configuration list for PBXNativeTarget "RNReactNativeLatex" */ = {
			isa = XCConfigurationList;
			buildConfigurations = (
				58B511F01A9E6C8500147676 /* Debug */,
				58B511F11A9E6C8500147676 /* Release */,
			);
			defaultConfigurationIsVisible = 0;
			defaultConfigurationName = Release;
		};
/* End XCConfigurationList section */
	};
	rootObject = 58B511D31A9E6C8500147676 /* Project object */;
}
